
Microsoft Visual Studio Solution File, Format Version 12.00
# Visual Studio Version 17
VisualStudioVersion = 17.7.34031.279
MinimumVisualStudioVersion = 10.0.40219.1
Project("{FAE04EC0-301F-11D3-BF4B-00C04F79EFBC}") = "LMS.API", "LMS.API\LMS.API.csproj", "{21ECA6C9-37EA-481A-A263-A6F36629E5ED}"
EndProject
Project("{FAE04EC0-301F-11D3-BF4B-00C04F79EFBC}") = "LMS.Core", "LMS.Core\LMS.Core.csproj", "{A28D651F-67DC-4E61-9F40-A8C7EC61E65E}"
EndProject
Project("{FAE04EC0-301F-11D3-BF4B-00C04F79EFBC}") = "LMS.Infra", "LMS.Infra\LMS.Infra.csproj", "{D139B983-315A-4F0F-82AD-454DBD05EDC4}"
EndProject
Global
	GlobalSection(SolutionConfigurationPlatforms) = preSolution
		Debug|Any CPU = Debug|Any CPU
		Release|Any CPU = Release|Any CPU
	EndGlobalSection
	GlobalSection(ProjectConfigurationPlatforms) = postSolution
		{21ECA6C9-37EA-481A-A263-A6F36629E5ED}.Debug|Any CPU.ActiveCfg = Debug|Any CPU
		{21ECA6C9-37EA-481A-A263-A6F36629E5ED}.Debug|Any CPU.Build.0 = Debug|Any CPU
		{21ECA6C9-37EA-481A-A263-A6F36629E5ED}.Release|Any CPU.ActiveCfg = Release|Any CPU
		{21ECA6C9-37EA-481A-A263-A6F36629E5ED}.Release|Any CPU.Build.0 = Release|Any CPU
		{A28D651F-67DC-4E61-9F40-A8C7EC61E65E}.Debug|Any CPU.ActiveCfg = Debug|Any CPU
		{A28D651F-67DC-4E61-9F40-A8C7EC61E65E}.Debug|Any CPU.Build.0 = Debug|Any CPU
		{A28D651F-67DC-4E61-9F40-A8C7EC61E65E}.Release|Any CPU.ActiveCfg = Release|Any CPU
		{A28D651F-67DC-4E61-9F40-A8C7EC61E65E}.Release|Any CPU.Build.0 = Release|Any CPU
		{D139B983-315A-4F0F-82AD-454DBD05EDC4}.Debug|Any CPU.ActiveCfg = Debug|Any CPU
		{D139B983-315A-4F0F-82AD-454DBD05EDC4}.Debug|Any CPU.Build.0 = Debug|Any CPU
		{D139B983-315A-4F0F-82AD-454DBD05EDC4}.Release|Any CPU.ActiveCfg = Release|Any CPU
		{D139B983-315A-4F0F-82AD-454DBD05EDC4}.Release|Any CPU.Build.0 = Release|Any CPU
	EndGlobalSection
	GlobalSection(SolutionProperties) = preSolution
		HideSolutionNode = FALSE
	EndGlobalSection
	GlobalSection(ExtensibilityGlobals) = postSolution
		SolutionGuid = {1E078CAF-CBAF-42FF-9225-0FC8BF3B549B}
	EndGlobalSection
EndGlobal
